
Microsoft Visual Studio Solution File, Format Version 12.00
# Visual Studio Version 17
VisualStudioVersion = 17.7.34031.279
MinimumVisualStudioVersion = 10.0.40219.1
Project("{FAE04EC0-301F-11D3-BF4B-00C04F79EFBC}") = "MinimalApiDemo", "MinimalApiDemo\MinimalApiDemo.csproj", "{D313664A-1529-4F49-B4F4-428873109326}"
EndProject
Global
	GlobalSection(SolutionConfigurationPlatforms) = preSolution
		Debug|Any CPU = Debug|Any CPU
		Release|Any CPU = Release|Any CPU
	EndGlobalSection
	GlobalSection(ProjectConfigurationPlatforms) = postSolution
		{D313664A-1529-4F49-B4F4-428873109326}.Debug|Any CPU.ActiveCfg = Debug|Any CPU
		{D313664A-1529-4F49-B4F4-428873109326}.Debug|Any CPU.Build.0 = Debug|Any CPU
		{D313664A-1529-4F49-B4F4-428873109326}.Release|Any CPU.ActiveCfg = Release|Any CPU
		{D313664A-1529-4F49-B4F4-428873109326}.Release|Any CPU.Build.0 = Release|Any CPU
	EndGlobalSection
	GlobalSection(SolutionProperties) = preSolution
		HideSolutionNode = FALSE
	EndGlobalSection
	GlobalSection(ExtensibilityGlobals) = postSolution
		SolutionGuid = {BE2DFF03-4DDE-464E-B1A3-36C09C37F12B}
	EndGlobalSection
EndGlobal
